// !$*UTF8*$!
{
	archiveVersion = 1;
	classes = {
	};
	objectVersion = 51;
	objects = {

/* Begin PBXBuildFile section */
		232967A63E48287C0440C133 /* Pods_iOSDemoTests.framework in Frameworks */ = {isa = PBXBuildFile; fileRef = 51930674D2616F40E7837F49 /* Pods_iOSDemoTests.framework */; };
		5F210DDC1C28365C423BE47B /* Pods_iOSDemo.framework in Frameworks */ = {isa = PBXBuildFile; fileRef = 54D2ED963368C828A3DBBB0A /* Pods_iOSDemo.framework */; };
		74E1204ED4BDE665733AF99F /* Pods_iOSDemo_iOSDemoUITests.framework in Frameworks */ = {isa = PBXBuildFile; fileRef = EE08F117BAFC941B61E5A6F2 /* Pods_iOSDemo_iOSDemoUITests.framework */; };
		B780D8A224BFF99D0003FE5B /* AppDelegate.m in Sources */ = {isa = PBXBuildFile; fileRef = B780D8A124BFF99D0003FE5B /* AppDelegate.m */; };
		B780D8A524BFF99D0003FE5B /* SceneDelegate.m in Sources */ = {isa = PBXBuildFile; fileRef = B780D8A424BFF99D0003FE5B /* SceneDelegate.m */; };
		B780D8A824BFF99D0003FE5B /* HTSProfileViewController.m in Sources */ = {isa = PBXBuildFile; fileRef = B780D8A724BFF99D0003FE5B /* HTSProfileViewController.m */; };
		B780D8AB24BFF99D0003FE5B /* Main.storyboard in Resources */ = {isa = PBXBuildFile; fileRef = B780D8A924BFF99D0003FE5B /* Main.storyboard */; };
		B780D8AD24BFF9A00003FE5B /* Assets.xcassets in Resources */ = {isa = PBXBuildFile; fileRef = B780D8AC24BFF9A00003FE5B /* Assets.xcassets */; };
		B780D8B024BFF9A00003FE5B /* LaunchScreen.storyboard in Resources */ = {isa = PBXBuildFile; fileRef = B780D8AE24BFF9A00003FE5B /* LaunchScreen.storyboard */; };
		B780D8B324BFF9A00003FE5B /* main.m in Sources */ = {isa = PBXBuildFile; fileRef = B780D8B224BFF9A00003FE5B /* main.m */; };
		B780D8BD24BFF9A00003FE5B /* iOSDemoTests.m in Sources */ = {isa = PBXBuildFile; fileRef = B780D8BC24BFF9A00003FE5B /* iOSDemoTests.m */; };
		B780D8C824BFF9A00003FE5B /* iOSDemoUITests.m in Sources */ = {isa = PBXBuildFile; fileRef = B780D8C724BFF9A00003FE5B /* iOSDemoUITests.m */; };
		B780D8E824C021EE0003FE5B /* HTSUserModel.m in Sources */ = {isa = PBXBuildFile; fileRef = B780D8E724C021EE0003FE5B /* HTSUserModel.m */; };
		B780D8EB24C021FF0003FE5B /* HTSVideoModel.m in Sources */ = {isa = PBXBuildFile; fileRef = B780D8EA24C021FF0003FE5B /* HTSVideoModel.m */; };
		B780D8ED24C035FC0003FE5B /* user.json in Resources */ = {isa = PBXBuildFile; fileRef = B780D8EC24C035FC0003FE5B /* user.json */; };
		B780D8EF24C0360F0003FE5B /* video.json in Resources */ = {isa = PBXBuildFile; fileRef = B780D8EE24C0360F0003FE5B /* video.json */; };
		B780D8F224C15B550003FE5B /* HTSVideoCollectionViewCell.m in Sources */ = {isa = PBXBuildFile; fileRef = B780D8F124C15B550003FE5B /* HTSVideoCollectionViewCell.m */; };
		B780D8F524C273E30003FE5B /* HTSProfileCollectionViewLayout.m in Sources */ = {isa = PBXBuildFile; fileRef = B780D8F424C273E30003FE5B /* HTSProfileCollectionViewLayout.m */; };
		B7AE05DA24C41E1300C8F037 /* HTSProfileViewModel.m in Sources */ = {isa = PBXBuildFile; fileRef = B7AE05D924C41E1300C8F037 /* HTSProfileViewModel.m */; };
		B7AE05DE24C4C9D900C8F037 /* HTSVideoCellViewModel.m in Sources */ = {isa = PBXBuildFile; fileRef = B7AE05DD24C4C9D900C8F037 /* HTSVideoCellViewModel.m */; };
		B7AE05E124C93C9200C8F037 /* HTSProfileHeader.m in Sources */ = {isa = PBXBuildFile; fileRef = B7AE05E024C93C9200C8F037 /* HTSProfileHeader.m */; };
		B7AE05E424DD344D00C8F037 /* HTSEditViewController.m in Sources */ = {isa = PBXBuildFile; fileRef = B7AE05E324DD344D00C8F037 /* HTSEditViewController.m */; };
/* End PBXBuildFile section */

/* Begin PBXContainerItemProxy section */
		B780D8B924BFF9A00003FE5B /* PBXContainerItemProxy */ = {
			isa = PBXContainerItemProxy;
			containerPortal = B780D89524BFF99D0003FE5B /* Project object */;
			proxyType = 1;
			remoteGlobalIDString = B780D89C24BFF99D0003FE5B;
			remoteInfo = iOSDemo;
		};
		B780D8C424BFF9A00003FE5B /* PBXContainerItemProxy */ = {
			isa = PBXContainerItemProxy;
			containerPortal = B780D89524BFF99D0003FE5B /* Project object */;
			proxyType = 1;
			remoteGlobalIDString = B780D89C24BFF99D0003FE5B;
			remoteInfo = iOSDemo;
		};
/* End PBXContainerItemProxy section */

/* Begin PBXFileReference section */
		4B703D4DD220F378DDB90949 /* Pods-iOSDemo.release.xcconfig */ = {isa = PBXFileReference; includeInIndex = 1; lastKnownFileType = text.xcconfig; name = "Pods-iOSDemo.release.xcconfig"; path = "Target Support Files/Pods-iOSDemo/Pods-iOSDemo.release.xcconfig"; sourceTree = "<group>"; };
		51930674D2616F40E7837F49 /* Pods_iOSDemoTests.framework */ = {isa = PBXFileReference; explicitFileType = wrapper.framework; includeInIndex = 0; path = Pods_iOSDemoTests.framework; sourceTree = BUILT_PRODUCTS_DIR; };
		54D2ED963368C828A3DBBB0A /* Pods_iOSDemo.framework */ = {isa = PBXFileReference; explicitFileType = wrapper.framework; includeInIndex = 0; path = Pods_iOSDemo.framework; sourceTree = BUILT_PRODUCTS_DIR; };
		5D05C9B458CC5D61AE001F91 /* Pods-iOSDemo-iOSDemoUITests.release.xcconfig */ = {isa = PBXFileReference; includeInIndex = 1; lastKnownFileType = text.xcconfig; name = "Pods-iOSDemo-iOSDemoUITests.release.xcconfig"; path = "Target Support Files/Pods-iOSDemo-iOSDemoUITests/Pods-iOSDemo-iOSDemoUITests.release.xcconfig"; sourceTree = "<group>"; };
		B780D89D24BFF99D0003FE5B /* iOSDemo.app */ = {isa = PBXFileReference; explicitFileType = wrapper.application; includeInIndex = 0; path = iOSDemo.app; sourceTree = BUILT_PRODUCTS_DIR; };
		B780D8A024BFF99D0003FE5B /* AppDelegate.h */ = {isa = PBXFileReference; lastKnownFileType = sourcecode.c.h; path = AppDelegate.h; sourceTree = "<group>"; };
		B780D8A124BFF99D0003FE5B /* AppDelegate.m */ = {isa = PBXFileReference; lastKnownFileType = sourcecode.c.objc; path = AppDelegate.m; sourceTree = "<group>"; };
		B780D8A324BFF99D0003FE5B /* SceneDelegate.h */ = {isa = PBXFileReference; lastKnownFileType = sourcecode.c.h; path = SceneDelegate.h; sourceTree = "<group>"; };
		B780D8A424BFF99D0003FE5B /* SceneDelegate.m */ = {isa = PBXFileReference; lastKnownFileType = sourcecode.c.objc; path = SceneDelegate.m; sourceTree = "<group>"; };
		B780D8A624BFF99D0003FE5B /* HTSProfileViewController.h */ = {isa = PBXFileReference; lastKnownFileType = sourcecode.c.h; path = HTSProfileViewController.h; sourceTree = "<group>"; };
		B780D8A724BFF99D0003FE5B /* HTSProfileViewController.m */ = {isa = PBXFileReference; lastKnownFileType = sourcecode.c.objc; path = HTSProfileViewController.m; sourceTree = "<group>"; };
		B780D8AA24BFF99D0003FE5B /* Base */ = {isa = PBXFileReference; lastKnownFileType = file.storyboard; name = Base; path = Base.lproj/Main.storyboard; sourceTree = "<group>"; };
		B780D8AC24BFF9A00003FE5B /* Assets.xcassets */ = {isa = PBXFileReference; lastKnownFileType = folder.assetcatalog; path = Assets.xcassets; sourceTree = "<group>"; };
		B780D8AF24BFF9A00003FE5B /* Base */ = {isa = PBXFileReference; lastKnownFileType = file.storyboard; name = Base; path = Base.lproj/LaunchScreen.storyboard; sourceTree = "<group>"; };
		B780D8B124BFF9A00003FE5B /* Info.plist */ = {isa = PBXFileReference; lastKnownFileType = text.plist.xml; path = Info.plist; sourceTree = "<group>"; };
		B780D8B224BFF9A00003FE5B /* main.m */ = {isa = PBXFileReference; lastKnownFileType = sourcecode.c.objc; path = main.m; sourceTree = "<group>"; };
		B780D8B824BFF9A00003FE5B /* iOSDemoTests.xctest */ = {isa = PBXFileReference; explicitFileType = wrapper.cfbundle; includeInIndex = 0; path = iOSDemoTests.xctest; sourceTree = BUILT_PRODUCTS_DIR; };
		B780D8BC24BFF9A00003FE5B /* iOSDemoTests.m */ = {isa = PBXFileReference; lastKnownFileType = sourcecode.c.objc; path = iOSDemoTests.m; sourceTree = "<group>"; };
		B780D8BE24BFF9A00003FE5B /* Info.plist */ = {isa = PBXFileReference; lastKnownFileType = text.plist.xml; path = Info.plist; sourceTree = "<group>"; };
		B780D8C324BFF9A00003FE5B /* iOSDemoUITests.xctest */ = {isa = PBXFileReference; explicitFileType = wrapper.cfbundle; includeInIndex = 0; path = iOSDemoUITests.xctest; sourceTree = BUILT_PRODUCTS_DIR; };
		B780D8C724BFF9A00003FE5B /* iOSDemoUITests.m */ = {isa = PBXFileReference; lastKnownFileType = sourcecode.c.objc; path = iOSDemoUITests.m; sourceTree = "<group>"; };
		B780D8C924BFF9A00003FE5B /* Info.plist */ = {isa = PBXFileReference; lastKnownFileType = text.plist.xml; path = Info.plist; sourceTree = "<group>"; };
		B780D8E624C021EE0003FE5B /* HTSUserModel.h */ = {isa = PBXFileReference; lastKnownFileType = sourcecode.c.h; path = HTSUserModel.h; sourceTree = "<group>"; };
		B780D8E724C021EE0003FE5B /* HTSUserModel.m */ = {isa = PBXFileReference; lastKnownFileType = sourcecode.c.objc; path = HTSUserModel.m; sourceTree = "<group>"; };
		B780D8E924C021FF0003FE5B /* HTSVideoModel.h */ = {isa = PBXFileReference; lastKnownFileType = sourcecode.c.h; path = HTSVideoModel.h; sourceTree = "<group>"; };
		B780D8EA24C021FF0003FE5B /* HTSVideoModel.m */ = {isa = PBXFileReference; lastKnownFileType = sourcecode.c.objc; path = HTSVideoModel.m; sourceTree = "<group>"; };
		B780D8EC24C035FC0003FE5B /* user.json */ = {isa = PBXFileReference; lastKnownFileType = text.json; path = user.json; sourceTree = "<group>"; };
		B780D8EE24C0360F0003FE5B /* video.json */ = {isa = PBXFileReference; lastKnownFileType = text.json; path = video.json; sourceTree = "<group>"; };
		B780D8F024C15B550003FE5B /* HTSVideoCollectionViewCell.h */ = {isa = PBXFileReference; lastKnownFileType = sourcecode.c.h; path = HTSVideoCollectionViewCell.h; sourceTree = "<group>"; };
		B780D8F124C15B550003FE5B /* HTSVideoCollectionViewCell.m */ = {isa = PBXFileReference; lastKnownFileType = sourcecode.c.objc; path = HTSVideoCollectionViewCell.m; sourceTree = "<group>"; };
		B780D8F324C273E30003FE5B /* HTSProfileCollectionViewLayout.h */ = {isa = PBXFileReference; lastKnownFileType = sourcecode.c.h; path = HTSProfileCollectionViewLayout.h; sourceTree = "<group>"; };
		B780D8F424C273E30003FE5B /* HTSProfileCollectionViewLayout.m */ = {isa = PBXFileReference; lastKnownFileType = sourcecode.c.objc; path = HTSProfileCollectionViewLayout.m; sourceTree = "<group>"; };
		B7AE05D824C41E1300C8F037 /* HTSProfileViewModel.h */ = {isa = PBXFileReference; lastKnownFileType = sourcecode.c.h; path = HTSProfileViewModel.h; sourceTree = "<group>"; };
		B7AE05D924C41E1300C8F037 /* HTSProfileViewModel.m */ = {isa = PBXFileReference; lastKnownFileType = sourcecode.c.objc; path = HTSProfileViewModel.m; sourceTree = "<group>"; };
		B7AE05DC24C4C9D900C8F037 /* HTSVideoCellViewModel.h */ = {isa = PBXFileReference; lastKnownFileType = sourcecode.c.h; path = HTSVideoCellViewModel.h; sourceTree = "<group>"; };
		B7AE05DD24C4C9D900C8F037 /* HTSVideoCellViewModel.m */ = {isa = PBXFileReference; lastKnownFileType = sourcecode.c.objc; path = HTSVideoCellViewModel.m; sourceTree = "<group>"; };
		B7AE05DF24C93C9200C8F037 /* HTSProfileHeader.h */ = {isa = PBXFileReference; lastKnownFileType = sourcecode.c.h; path = HTSProfileHeader.h; sourceTree = "<group>"; };
		B7AE05E024C93C9200C8F037 /* HTSProfileHeader.m */ = {isa = PBXFileReference; lastKnownFileType = sourcecode.c.objc; path = HTSProfileHeader.m; sourceTree = "<group>"; };
		B7AE05E224DD344D00C8F037 /* HTSEditViewController.h */ = {isa = PBXFileReference; lastKnownFileType = sourcecode.c.h; path = HTSEditViewController.h; sourceTree = "<group>"; };
		B7AE05E324DD344D00C8F037 /* HTSEditViewController.m */ = {isa = PBXFileReference; lastKnownFileType = sourcecode.c.objc; path = HTSEditViewController.m; sourceTree = "<group>"; };
		CE5E885C85E3FFC964001429 /* Pods-iOSDemo-iOSDemoUITests.debug.xcconfig */ = {isa = PBXFileReference; includeInIndex = 1; lastKnownFileType = text.xcconfig; name = "Pods-iOSDemo-iOSDemoUITests.debug.xcconfig"; path = "Target Support Files/Pods-iOSDemo-iOSDemoUITests/Pods-iOSDemo-iOSDemoUITests.debug.xcconfig"; sourceTree = "<group>"; };
		D7422B70559D25EE18FA52F9 /* Pods-iOSDemo.debug.xcconfig */ = {isa = PBXFileReference; includeInIndex = 1; lastKnownFileType = text.xcconfig; name = "Pods-iOSDemo.debug.xcconfig"; path = "Target Support Files/Pods-iOSDemo/Pods-iOSDemo.debug.xcconfig"; sourceTree = "<group>"; };
		E4646F3DADB28A66857423F1 /* Pods-iOSDemoTests.debug.xcconfig */ = {isa = PBXFileReference; includeInIndex = 1; lastKnownFileType = text.xcconfig; name = "Pods-iOSDemoTests.debug.xcconfig"; path = "Target Support Files/Pods-iOSDemoTests/Pods-iOSDemoTests.debug.xcconfig"; sourceTree = "<group>"; };
		E96E5B9F0AB57E9A99E27553 /* Pods-iOSDemoTests.release.xcconfig */ = {isa = PBXFileReference; includeInIndex = 1; lastKnownFileType = text.xcconfig; name = "Pods-iOSDemoTests.release.xcconfig"; path = "Target Support Files/Pods-iOSDemoTests/Pods-iOSDemoTests.release.xcconfig"; sourceTree = "<group>"; };
		EE08F117BAFC941B61E5A6F2 /* Pods_iOSDemo_iOSDemoUITests.framework */ = {isa = PBXFileReference; explicitFileType = wrapper.framework; includeInIndex = 0; path = Pods_iOSDemo_iOSDemoUITests.framework; sourceTree = BUILT_PRODUCTS_DIR; };
/* End PBXFileReference section */

/* Begin PBXFrameworksBuildPhase section */
		B780D89A24BFF99D0003FE5B /* Frameworks */ = {
			isa = PBXFrameworksBuildPhase;
			buildActionMask = 2147483647;
			files = (
				5F210DDC1C28365C423BE47B /* Pods_iOSDemo.framework in Frameworks */,
			);
			runOnlyForDeploymentPostprocessing = 0;
		};
		B780D8B524BFF9A00003FE5B /* Frameworks */ = {
			isa = PBXFrameworksBuildPhase;
			buildActionMask = 2147483647;
			files = (
				232967A63E48287C0440C133 /* Pods_iOSDemoTests.framework in Frameworks */,
			);
			runOnlyForDeploymentPostprocessing = 0;
		};
		B780D8C024BFF9A00003FE5B /* Frameworks */ = {
			isa = PBXFrameworksBuildPhase;
			buildActionMask = 2147483647;
			files = (
				74E1204ED4BDE665733AF99F /* Pods_iOSDemo_iOSDemoUITests.framework in Frameworks */,
			);
			runOnlyForDeploymentPostprocessing = 0;
		};
/* End PBXFrameworksBuildPhase section */

/* Begin PBXGroup section */
		278FC09C42526B06AD24EB6D /* Frameworks */ = {
			isa = PBXGroup;
			children = (
				54D2ED963368C828A3DBBB0A /* Pods_iOSDemo.framework */,
				EE08F117BAFC941B61E5A6F2 /* Pods_iOSDemo_iOSDemoUITests.framework */,
				51930674D2616F40E7837F49 /* Pods_iOSDemoTests.framework */,
			);
			name = Frameworks;
			sourceTree = "<group>";
		};
		B780D89424BFF99D0003FE5B = {
			isa = PBXGroup;
			children = (
				B780D89F24BFF99D0003FE5B /* iOSDemo */,
				B780D8BB24BFF9A00003FE5B /* iOSDemoTests */,
				B780D8C624BFF9A00003FE5B /* iOSDemoUITests */,
				B780D89E24BFF99D0003FE5B /* Products */,
				BF360D198C94A86833937399 /* Pods */,
				278FC09C42526B06AD24EB6D /* Frameworks */,
			);
			sourceTree = "<group>";
		};
		B780D89E24BFF99D0003FE5B /* Products */ = {
			isa = PBXGroup;
			children = (
				B780D89D24BFF99D0003FE5B /* iOSDemo.app */,
				B780D8B824BFF9A00003FE5B /* iOSDemoTests.xctest */,
				B780D8C324BFF9A00003FE5B /* iOSDemoUITests.xctest */,
			);
			name = Products;
			sourceTree = "<group>";
		};
		B780D89F24BFF99D0003FE5B /* iOSDemo */ = {
			isa = PBXGroup;
			children = (
				B780D8D624C000FE0003FE5B /* Application */,
				B780D8D724C001420003FE5B /* Classes */,
				B780D8D524C000F00003FE5B /* Resource */,
				B780D8D824C001790003FE5B /* SupportingFiles */,
				B780D8D924C002080003FE5B /* Tools */,
			);
			path = iOSDemo;
			sourceTree = "<group>";
		};
		B780D8BB24BFF9A00003FE5B /* iOSDemoTests */ = {
			isa = PBXGroup;
			children = (
				B780D8BC24BFF9A00003FE5B /* iOSDemoTests.m */,
				B780D8BE24BFF9A00003FE5B /* Info.plist */,
			);
			path = iOSDemoTests;
			sourceTree = "<group>";
		};
		B780D8C624BFF9A00003FE5B /* iOSDemoUITests */ = {
			isa = PBXGroup;
			children = (
				B780D8C724BFF9A00003FE5B /* iOSDemoUITests.m */,
				B780D8C924BFF9A00003FE5B /* Info.plist */,
			);
			path = iOSDemoUITests;
			sourceTree = "<group>";
		};
		B780D8D524C000F00003FE5B /* Resource */ = {
			isa = PBXGroup;
			children = (
				B780D8EC24C035FC0003FE5B /* user.json */,
				B780D8EE24C0360F0003FE5B /* video.json */,
			);
			path = Resource;
			sourceTree = "<group>";
		};
		B780D8D624C000FE0003FE5B /* Application */ = {
			isa = PBXGroup;
			children = (
				B780D8A024BFF99D0003FE5B /* AppDelegate.h */,
				B780D8A124BFF99D0003FE5B /* AppDelegate.m */,
				B780D8A324BFF99D0003FE5B /* SceneDelegate.h */,
				B780D8A424BFF99D0003FE5B /* SceneDelegate.m */,
				B780D8A924BFF99D0003FE5B /* Main.storyboard */,
				B780D8AC24BFF9A00003FE5B /* Assets.xcassets */,
				B780D8AE24BFF9A00003FE5B /* LaunchScreen.storyboard */,
			);
			path = Application;
			sourceTree = "<group>";
		};
		B780D8D724C001420003FE5B /* Classes */ = {
			isa = PBXGroup;
			children = (
				B7AE05DB24C4280200C8F037 /* Common */,
				B780D8DB24C002470003FE5B /* MyProfile */,
			);
			path = Classes;
			sourceTree = "<group>";
		};
		B780D8D824C001790003FE5B /* SupportingFiles */ = {
			isa = PBXGroup;
			children = (
				B780D8B124BFF9A00003FE5B /* Info.plist */,
				B780D8B224BFF9A00003FE5B /* main.m */,
			);
			path = SupportingFiles;
			sourceTree = "<group>";
		};
		B780D8D924C002080003FE5B /* Tools */ = {
			isa = PBXGroup;
			children = (
			);
			path = Tools;
			sourceTree = "<group>";
		};
		B780D8DB24C002470003FE5B /* MyProfile */ = {
			isa = PBXGroup;
			children = (
				B780D8DE24C002890003FE5B /* Controller */,
				B780D8DF24C002960003FE5B /* Model */,
				B780D8E024C002A40003FE5B /* View */,
				B780D8E124C002B50003FE5B /* ViewModel */,
			);
			path = MyProfile;
			sourceTree = "<group>";
		};
		B780D8DE24C002890003FE5B /* Controller */ = {
			isa = PBXGroup;
			children = (
				B780D8A624BFF99D0003FE5B /* HTSProfileViewController.h */,
				B780D8A724BFF99D0003FE5B /* HTSProfileViewController.m */,
				B780D8F024C15B550003FE5B /* HTSVideoCollectionViewCell.h */,
				B780D8F124C15B550003FE5B /* HTSVideoCollectionViewCell.m */,
				B780D8F324C273E30003FE5B /* HTSProfileCollectionViewLayout.h */,
				B780D8F424C273E30003FE5B /* HTSProfileCollectionViewLayout.m */,
				B7AE05DF24C93C9200C8F037 /* HTSProfileHeader.h */,
				B7AE05E024C93C9200C8F037 /* HTSProfileHeader.m */,
				B7AE05E224DD344D00C8F037 /* HTSEditViewController.h */,
				B7AE05E324DD344D00C8F037 /* HTSEditViewController.m */,
			);
			path = Controller;
			sourceTree = "<group>";
		};
		B780D8DF24C002960003FE5B /* Model */ = {
			isa = PBXGroup;
			children = (
				B780D8E624C021EE0003FE5B /* HTSUserModel.h */,
				B780D8E724C021EE0003FE5B /* HTSUserModel.m */,
				B780D8E924C021FF0003FE5B /* HTSVideoModel.h */,
				B780D8EA24C021FF0003FE5B /* HTSVideoModel.m */,
			);
			path = Model;
			sourceTree = "<group>";
		};
		B780D8E024C002A40003FE5B /* View */ = {
			isa = PBXGroup;
			children = (
			);
			path = View;
			sourceTree = "<group>";
		};
		B780D8E124C002B50003FE5B /* ViewModel */ = {
			isa = PBXGroup;
			children = (
				B7AE05D824C41E1300C8F037 /* HTSProfileViewModel.h */,
				B7AE05D924C41E1300C8F037 /* HTSProfileViewModel.m */,
				B7AE05DC24C4C9D900C8F037 /* HTSVideoCellViewModel.h */,
				B7AE05DD24C4C9D900C8F037 /* HTSVideoCellViewModel.m */,
			);
			path = ViewModel;
			sourceTree = "<group>";
		};
		B7AE05DB24C4280200C8F037 /* Common */ = {
			isa = PBXGroup;
			children = (
			);
			path = Common;
			sourceTree = "<group>";
		};
		BF360D198C94A86833937399 /* Pods */ = {
			isa = PBXGroup;
			children = (
				D7422B70559D25EE18FA52F9 /* Pods-iOSDemo.debug.xcconfig */,
				4B703D4DD220F378DDB90949 /* Pods-iOSDemo.release.xcconfig */,
				CE5E885C85E3FFC964001429 /* Pods-iOSDemo-iOSDemoUITests.debug.xcconfig */,
				5D05C9B458CC5D61AE001F91 /* Pods-iOSDemo-iOSDemoUITests.release.xcconfig */,
				E4646F3DADB28A66857423F1 /* Pods-iOSDemoTests.debug.xcconfig */,
				E96E5B9F0AB57E9A99E27553 /* Pods-iOSDemoTests.release.xcconfig */,
			);
			path = Pods;
			sourceTree = "<group>";
		};
/* End PBXGroup section */

/* Begin PBXNativeTarget section */
		B780D89C24BFF99D0003FE5B /* iOSDemo */ = {
			isa = PBXNativeTarget;
			buildConfigurationList = B780D8CC24BFF9A00003FE5B /* Build configuration list for PBXNativeTarget "iOSDemo" */;
			buildPhases = (
				9FDB9D6C5261AEAF6A9D7B04 /* [CP] Check Pods Manifest.lock */,
				B780D89924BFF99D0003FE5B /* Sources */,
				B780D89A24BFF99D0003FE5B /* Frameworks */,
				B780D89B24BFF99D0003FE5B /* Resources */,
				BE99CEFF4C2FEE4FE80D025D /* [CP] Embed Pods Frameworks */,
			);
			buildRules = (
			);
			dependencies = (
			);
			name = iOSDemo;
			productName = iOSDemo;
			productReference = B780D89D24BFF99D0003FE5B /* iOSDemo.app */;
			productType = "com.apple.product-type.application";
		};
		B780D8B724BFF9A00003FE5B /* iOSDemoTests */ = {
			isa = PBXNativeTarget;
			buildConfigurationList = B780D8CF24BFF9A00003FE5B /* Build configuration list for PBXNativeTarget "iOSDemoTests" */;
			buildPhases = (
				C2D5C2DC4A5F450733AC673C /* [CP] Check Pods Manifest.lock */,
				B780D8B424BFF9A00003FE5B /* Sources */,
				B780D8B524BFF9A00003FE5B /* Frameworks */,
				B780D8B624BFF9A00003FE5B /* Resources */,
			);
			buildRules = (
			);
			dependencies = (
				B780D8BA24BFF9A00003FE5B /* PBXTargetDependency */,
			);
			name = iOSDemoTests;
			productName = iOSDemoTests;
			productReference = B780D8B824BFF9A00003FE5B /* iOSDemoTests.xctest */;
			productType = "com.apple.product-type.bundle.unit-test";
		};
		B780D8C224BFF9A00003FE5B /* iOSDemoUITests */ = {
			isa = PBXNativeTarget;
			buildConfigurationList = B780D8D224BFF9A00003FE5B /* Build configuration list for PBXNativeTarget "iOSDemoUITests" */;
			buildPhases = (
				F728961C8CC38DC0936CC80B /* [CP] Check Pods Manifest.lock */,
				B780D8BF24BFF9A00003FE5B /* Sources */,
				B780D8C024BFF9A00003FE5B /* Frameworks */,
				B780D8C124BFF9A00003FE5B /* Resources */,
				FCFAB6CADB7BE6E1DB581791 /* [CP] Embed Pods Frameworks */,
			);
			buildRules = (
			);
			dependencies = (
				B780D8C524BFF9A00003FE5B /* PBXTargetDependency */,
			);
			name = iOSDemoUITests;
			productName = iOSDemoUITests;
			productReference = B780D8C324BFF9A00003FE5B /* iOSDemoUITests.xctest */;
			productType = "com.apple.product-type.bundle.ui-testing";
		};
/* End PBXNativeTarget section */

/* Begin PBXProject section */
		B780D89524BFF99D0003FE5B /* Project object */ = {
			isa = PBXProject;
			attributes = {
				LastUpgradeCheck = 1150;
				ORGANIZATIONNAME = "Shenmeng Yin";
				TargetAttributes = {
					B780D89C24BFF99D0003FE5B = {
						CreatedOnToolsVersion = 11.5;
					};
					B780D8B724BFF9A00003FE5B = {
						CreatedOnToolsVersion = 11.5;
						TestTargetID = B780D89C24BFF99D0003FE5B;
					};
					B780D8C224BFF9A00003FE5B = {
						CreatedOnToolsVersion = 11.5;
						TestTargetID = B780D89C24BFF99D0003FE5B;
					};
				};
			};
			buildConfigurationList = B780D89824BFF99D0003FE5B /* Build configuration list for PBXProject "iOSDemo" */;
			compatibilityVersion = "Xcode 9.3";
			developmentRegion = en;
			hasScannedForEncodings = 0;
			knownRegions = (
				en,
				Base,
			);
			mainGroup = B780D89424BFF99D0003FE5B;
			productRefGroup = B780D89E24BFF99D0003FE5B /* Products */;
			projectDirPath = "";
			projectRoot = "";
			targets = (
				B780D89C24BFF99D0003FE5B /* iOSDemo */,
				B780D8B724BFF9A00003FE5B /* iOSDemoTests */,
				B780D8C224BFF9A00003FE5B /* iOSDemoUITests */,
			);
		};
/* End PBXProject section */

/* Begin PBXResourcesBuildPhase section */
		B780D89B24BFF99D0003FE5B /* Resources */ = {
			isa = PBXResourcesBuildPhase;
			buildActionMask = 2147483647;
			files = (
				B780D8ED24C035FC0003FE5B /* user.json in Resources */,
				B780D8B024BFF9A00003FE5B /* LaunchScreen.storyboard in Resources */,
				B780D8AD24BFF9A00003FE5B /* Assets.xcassets in Resources */,
				B780D8EF24C0360F0003FE5B /* video.json in Resources */,
				B780D8AB24BFF99D0003FE5B /* Main.storyboard in Resources */,
			);
			runOnlyForDeploymentPostprocessing = 0;
		};
		B780D8B624BFF9A00003FE5B /* Resources */ = {
			isa = PBXResourcesBuildPhase;
			buildActionMask = 2147483647;
			files = (
			);
			runOnlyForDeploymentPostprocessing = 0;
		};
		B780D8C124BFF9A00003FE5B /* Resources */ = {
			isa = PBXResourcesBuildPhase;
			buildActionMask = 2147483647;
			files = (
			);
			runOnlyForDeploymentPostprocessing = 0;
		};
/* End PBXResourcesBuildPhase section */

/* Begin PBXShellScriptBuildPhase section */
		9FDB9D6C5261AEAF6A9D7B04 /* [CP] Check Pods Manifest.lock */ = {
			isa = PBXShellScriptBuildPhase;
			buildActionMask = 2147483647;
			files = (
			);
			inputFileListPaths = (
			);
			inputPaths = (
				"${PODS_PODFILE_DIR_PATH}/Podfile.lock",
				"${PODS_ROOT}/Manifest.lock",
			);
			name = "[CP] Check Pods Manifest.lock";
			outputFileListPaths = (
			);
			outputPaths = (
				"$(DERIVED_FILE_DIR)/Pods-iOSDemo-checkManifestLockResult.txt",
			);
			runOnlyForDeploymentPostprocessing = 0;
			shellPath = /bin/sh;
			shellScript = "diff \"${PODS_PODFILE_DIR_PATH}/Podfile.lock\" \"${PODS_ROOT}/Manifest.lock\" > /dev/null\nif [ $? != 0 ] ; then\n    # print error to STDERR\n    echo \"error: The sandbox is not in sync with the Podfile.lock. Run 'pod install' or update your CocoaPods installation.\" >&2\n    exit 1\nfi\n# This output is used by Xcode 'outputs' to avoid re-running this script phase.\necho \"SUCCESS\" > \"${SCRIPT_OUTPUT_FILE_0}\"\n";
			showEnvVarsInLog = 0;
		};
		BE99CEFF4C2FEE4FE80D025D /* [CP] Embed Pods Frameworks */ = {
			isa = PBXShellScriptBuildPhase;
			buildActionMask = 2147483647;
			files = (
			);
			inputFileListPaths = (
				"${PODS_ROOT}/Target Support Files/Pods-iOSDemo/Pods-iOSDemo-frameworks-${CONFIGURATION}-input-files.xcfilelist",
			);
			name = "[CP] Embed Pods Frameworks";
			outputFileListPaths = (
				"${PODS_ROOT}/Target Support Files/Pods-iOSDemo/Pods-iOSDemo-frameworks-${CONFIGURATION}-output-files.xcfilelist",
			);
			runOnlyForDeploymentPostprocessing = 0;
			shellPath = /bin/sh;
			shellScript = "\"${PODS_ROOT}/Target Support Files/Pods-iOSDemo/Pods-iOSDemo-frameworks.sh\"\n";
			showEnvVarsInLog = 0;
		};
		C2D5C2DC4A5F450733AC673C /* [CP] Check Pods Manifest.lock */ = {
			isa = PBXShellScriptBuildPhase;
			buildActionMask = 2147483647;
			files = (
			);
			inputFileListPaths = (
			);
			inputPaths = (
				"${PODS_PODFILE_DIR_PATH}/Podfile.lock",
				"${PODS_ROOT}/Manifest.lock",
			);
			name = "[CP] Check Pods Manifest.lock";
			outputFileListPaths = (
			);
			outputPaths = (
				"$(DERIVED_FILE_DIR)/Pods-iOSDemoTests-checkManifestLockResult.txt",
			);
			runOnlyForDeploymentPostprocessing = 0;
			shellPath = /bin/sh;
			shellScript = "diff \"${PODS_PODFILE_DIR_PATH}/Podfile.lock\" \"${PODS_ROOT}/Manifest.lock\" > /dev/null\nif [ $? != 0 ] ; then\n    # print error to STDERR\n    echo \"error: The sandbox is not in sync with the Podfile.lock. Run 'pod install' or update your CocoaPods installation.\" >&2\n    exit 1\nfi\n# This output is used by Xcode 'outputs' to avoid re-running this script phase.\necho \"SUCCESS\" > \"${SCRIPT_OUTPUT_FILE_0}\"\n";
			showEnvVarsInLog = 0;
		};
		F728961C8CC38DC0936CC80B /* [CP] Check Pods Manifest.lock */ = {
			isa = PBXShellScriptBuildPhase;
			buildActionMask = 2147483647;
			files = (
			);
			inputFileListPaths = (
			);
			inputPaths = (
				"${PODS_PODFILE_DIR_PATH}/Podfile.lock",
				"${PODS_ROOT}/Manifest.lock",
			);
			name = "[CP] Check Pods Manifest.lock";
			outputFileListPaths = (
			);
			outputPaths = (
				"$(DERIVED_FILE_DIR)/Pods-iOSDemo-iOSDemoUITests-checkManifestLockResult.txt",
			);
			runOnlyForDeploymentPostprocessing = 0;
			shellPath = /bin/sh;
			shellScript = "diff \"${PODS_PODFILE_DIR_PATH}/Podfile.lock\" \"${PODS_ROOT}/Manifest.lock\" > /dev/null\nif [ $? != 0 ] ; then\n    # print error to STDERR\n    echo \"error: The sandbox is not in sync with the Podfile.lock. Run 'pod install' or update your CocoaPods installation.\" >&2\n    exit 1\nfi\n# This output is used by Xcode 'outputs' to avoid re-running this script phase.\necho \"SUCCESS\" > \"${SCRIPT_OUTPUT_FILE_0}\"\n";
			showEnvVarsInLog = 0;
		};
		FCFAB6CADB7BE6E1DB581791 /* [CP] Embed Pods Frameworks */ = {
			isa = PBXShellScriptBuildPhase;
			buildActionMask = 2147483647;
			files = (
			);
			inputFileListPaths = (
				"${PODS_ROOT}/Target Support Files/Pods-iOSDemo-iOSDemoUITests/Pods-iOSDemo-iOSDemoUITests-frameworks-${CONFIGURATION}-input-files.xcfilelist",
			);
			name = "[CP] Embed Pods Frameworks";
			outputFileListPaths = (
				"${PODS_ROOT}/Target Support Files/Pods-iOSDemo-iOSDemoUITests/Pods-iOSDemo-iOSDemoUITests-frameworks-${CONFIGURATION}-output-files.xcfilelist",
			);
			runOnlyForDeploymentPostprocessing = 0;
			shellPath = /bin/sh;
			shellScript = "\"${PODS_ROOT}/Target Support Files/Pods-iOSDemo-iOSDemoUITests/Pods-iOSDemo-iOSDemoUITests-frameworks.sh\"\n";
			showEnvVarsInLog = 0;
		};
/* End PBXShellScriptBuildPhase section */

/* Begin PBXSourcesBuildPhase section */
		B780D89924BFF99D0003FE5B /* Sources */ = {
			isa = PBXSourcesBuildPhase;
			buildActionMask = 2147483647;
			files = (
				B780D8F524C273E30003FE5B /* HTSProfileCollectionViewLayout.m in Sources */,
				B780D8A824BFF99D0003FE5B /* HTSProfileViewController.m in Sources */,
				B7AE05E124C93C9200C8F037 /* HTSProfileHeader.m in Sources */,
				B780D8F224C15B550003FE5B /* HTSVideoCollectionViewCell.m in Sources */,
				B780D8EB24C021FF0003FE5B /* HTSVideoModel.m in Sources */,
				B7AE05DA24C41E1300C8F037 /* HTSProfileViewModel.m in Sources */,
				B780D8E824C021EE0003FE5B /* HTSUserModel.m in Sources */,
				B780D8A224BFF99D0003FE5B /* AppDelegate.m in Sources */,
				B780D8B324BFF9A00003FE5B /* main.m in Sources */,
				B7AE05DE24C4C9D900C8F037 /* HTSVideoCellViewModel.m in Sources */,
				B7AE05E424DD344D00C8F037 /* HTSEditViewController.m in Sources */,
				B780D8A524BFF99D0003FE5B /* SceneDelegate.m in Sources */,
			);
			runOnlyForDeploymentPostprocessing = 0;
		};
		B780D8B424BFF9A00003FE5B /* Sources */ = {
			isa = PBXSourcesBuildPhase;
			buildActionMask = 2147483647;
			files = (
				B780D8BD24BFF9A00003FE5B /* iOSDemoTests.m in Sources */,
			);
			runOnlyForDeploymentPostprocessing = 0;
		};
		B780D8BF24BFF9A00003FE5B /* Sources */ = {
			isa = PBXSourcesBuildPhase;
			buildActionMask = 2147483647;
			files = (
				B780D8C824BFF9A00003FE5B /* iOSDemoUITests.m in Sources */,
			);
			runOnlyForDeploymentPostprocessing = 0;
		};
/* End PBXSourcesBuildPhase section */

/* Begin PBXTargetDependency section */
		B780D8BA24BFF9A00003FE5B /* PBXTargetDependency */ = {
			isa = PBXTargetDependency;
			target = B780D89C24BFF99D0003FE5B /* iOSDemo */;
			targetProxy = B780D8B924BFF9A00003FE5B /* PBXContainerItemProxy */;
		};
		B780D8C524BFF9A00003FE5B /* PBXTargetDependency */ = {
			isa = PBXTargetDependency;
			target = B780D89C24BFF99D0003FE5B /* iOSDemo */;
			targetProxy = B780D8C424BFF9A00003FE5B /* PBXContainerItemProxy */;
		};
/* End PBXTargetDependency section */

/* Begin PBXVariantGroup section */
		B780D8A924BFF99D0003FE5B /* Main.storyboard */ = {
			isa = PBXVariantGroup;
			children = (
				B780D8AA24BFF99D0003FE5B /* Base */,
			);
			name = Main.storyboard;
			sourceTree = "<group>";
		};
		B780D8AE24BFF9A00003FE5B /* LaunchScreen.storyboard */ = {
			isa = PBXVariantGroup;
			children = (
				B780D8AF24BFF9A00003FE5B /* Base */,
			);
			name = LaunchScreen.storyboard;
			sourceTree = "<group>";
		};
/* End PBXVariantGroup section */

/* Begin XCBuildConfiguration section */
		B780D8CA24BFF9A00003FE5B /* Debug */ = {
			isa = XCBuildConfiguration;
			buildSettings = {
				ALWAYS_SEARCH_USER_PATHS = NO;
				CLANG_ANALYZER_NONNULL = YES;
				CLANG_ANALYZER_NUMBER_OBJECT_CONVERSION = YES_AGGRESSIVE;
				CLANG_CXX_LANGUAGE_STANDARD = "gnu++14";
				CLANG_CXX_LIBRARY = "libc++";
				CLANG_ENABLE_MODULES = YES;
				CLANG_ENABLE_OBJC_ARC = YES;
				CLANG_ENABLE_OBJC_WEAK = YES;
				CLANG_WARN_BLOCK_CAPTURE_AUTORELEASING = YES;
				CLANG_WARN_BOOL_CONVERSION = YES;
				CLANG_WARN_COMMA = YES;
				CLANG_WARN_CONSTANT_CONVERSION = YES;
				CLANG_WARN_DEPRECATED_OBJC_IMPLEMENTATIONS = YES;
				CLANG_WARN_DIRECT_OBJC_ISA_USAGE = YES_ERROR;
				CLANG_WARN_DOCUMENTATION_COMMENTS = YES;
				CLANG_WARN_EMPTY_BODY = YES;
				CLANG_WARN_ENUM_CONVERSION = YES;
				CLANG_WARN_INFINITE_RECURSION = YES;
				CLANG_WARN_INT_CONVERSION = YES;
				CLANG_WARN_NON_LITERAL_NULL_CONVERSION = YES;
				CLANG_WARN_OBJC_IMPLICIT_RETAIN_SELF = YES;
				CLANG_WARN_OBJC_LITERAL_CONVERSION = YES;
				CLANG_WARN_OBJC_ROOT_CLASS = YES_ERROR;
				CLANG_WARN_RANGE_LOOP_ANALYSIS = YES;
				CLANG_WARN_STRICT_PROTOTYPES = YES;
				CLANG_WARN_SUSPICIOUS_MOVE = YES;
				CLANG_WARN_UNGUARDED_AVAILABILITY = YES_AGGRESSIVE;
				CLANG_WARN_UNREACHABLE_CODE = YES;
				CLANG_WARN__DUPLICATE_METHOD_MATCH = YES;
				COPY_PHASE_STRIP = NO;
				DEBUG_INFORMATION_FORMAT = dwarf;
				ENABLE_STRICT_OBJC_MSGSEND = YES;
				ENABLE_TESTABILITY = YES;
				GCC_C_LANGUAGE_STANDARD = gnu11;
				GCC_DYNAMIC_NO_PIC = NO;
				GCC_NO_COMMON_BLOCKS = YES;
				GCC_OPTIMIZATION_LEVEL = 0;
				GCC_PREPROCESSOR_DEFINITIONS = (
					"DEBUG=1",
					"$(inherited)",
				);
				GCC_WARN_64_TO_32_BIT_CONVERSION = YES;
				GCC_WARN_ABOUT_RETURN_TYPE = YES_ERROR;
				GCC_WARN_UNDECLARED_SELECTOR = YES;
				GCC_WARN_UNINITIALIZED_AUTOS = YES_AGGRESSIVE;
				GCC_WARN_UNUSED_FUNCTION = YES;
				GCC_WARN_UNUSED_VARIABLE = YES;
				IPHONEOS_DEPLOYMENT_TARGET = 13.5;
				MTL_ENABLE_DEBUG_INFO = INCLUDE_SOURCE;
				MTL_FAST_MATH = YES;
				ONLY_ACTIVE_ARCH = YES;
				SDKROOT = iphoneos;
			};
			name = Debug;
		};
		B780D8CB24BFF9A00003FE5B /* Release */ = {
			isa = XCBuildConfiguration;
			buildSettings = {
				ALWAYS_SEARCH_USER_PATHS = NO;
				CLANG_ANALYZER_NONNULL = YES;
				CLANG_ANALYZER_NUMBER_OBJECT_CONVERSION = YES_AGGRESSIVE;
				CLANG_CXX_LANGUAGE_STANDARD = "gnu++14";
				CLANG_CXX_LIBRARY = "libc++";
				CLANG_ENABLE_MODULES = YES;
				CLANG_ENABLE_OBJC_ARC = YES;
				CLANG_ENABLE_OBJC_WEAK = YES;
				CLANG_WARN_BLOCK_CAPTURE_AUTORELEASING = YES;
				CLANG_WARN_BOOL_CONVERSION = YES;
				CLANG_WARN_COMMA = YES;
				CLANG_WARN_CONSTANT_CONVERSION = YES;
				CLANG_WARN_DEPRECATED_OBJC_IMPLEMENTATIONS = YES;
				CLANG_WARN_DIRECT_OBJC_ISA_USAGE = YES_ERROR;
				CLANG_WARN_DOCUMENTATION_COMMENTS = YES;
				CLANG_WARN_EMPTY_BODY = YES;
				CLANG_WARN_ENUM_CONVERSION = YES;
				CLANG_WARN_INFINITE_RECURSION = YES;
				CLANG_WARN_INT_CONVERSION = YES;
				CLANG_WARN_NON_LITERAL_NULL_CONVERSION = YES;
				CLANG_WARN_OBJC_IMPLICIT_RETAIN_SELF = YES;
				CLANG_WARN_OBJC_LITERAL_CONVERSION = YES;
				CLANG_WARN_OBJC_ROOT_CLASS = YES_ERROR;
				CLANG_WARN_RANGE_LOOP_ANALYSIS = YES;
				CLANG_WARN_STRICT_PROTOTYPES = YES;
				CLANG_WARN_SUSPICIOUS_MOVE = YES;
				CLANG_WARN_UNGUARDED_AVAILABILITY = YES_AGGRESSIVE;
				CLANG_WARN_UNREACHABLE_CODE = YES;
				CLANG_WARN__DUPLICATE_METHOD_MATCH = YES;
				COPY_PHASE_STRIP = NO;
				DEBUG_INFORMATION_FORMAT = "dwarf-with-dsym";
				ENABLE_NS_ASSERTIONS = NO;
				ENABLE_STRICT_OBJC_MSGSEND = YES;
				GCC_C_LANGUAGE_STANDARD = gnu11;
				GCC_NO_COMMON_BLOCKS = YES;
				GCC_WARN_64_TO_32_BIT_CONVERSION = YES;
				GCC_WARN_ABOUT_RETURN_TYPE = YES_ERROR;
				GCC_WARN_UNDECLARED_SELECTOR = YES;
				GCC_WARN_UNINITIALIZED_AUTOS = YES_AGGRESSIVE;
				GCC_WARN_UNUSED_FUNCTION = YES;
				GCC_WARN_UNUSED_VARIABLE = YES;
				IPHONEOS_DEPLOYMENT_TARGET = 13.5;
				MTL_ENABLE_DEBUG_INFO = NO;
				MTL_FAST_MATH = YES;
				SDKROOT = iphoneos;
				VALIDATE_PRODUCT = YES;
			};
			name = Release;
		};
		B780D8CD24BFF9A00003FE5B /* Debug */ = {
			isa = XCBuildConfiguration;
			baseConfigurationReference = D7422B70559D25EE18FA52F9 /* Pods-iOSDemo.debug.xcconfig */;
			buildSettings = {
				ASSETCATALOG_COMPILER_APPICON_NAME = AppIcon;
				CODE_SIGN_STYLE = Automatic;
				DEVELOPMENT_TEAM = B24B3N7L69;
				INFOPLIST_FILE = iOSDemo/SupportingFiles/Info.plist;
				IPHONEOS_DEPLOYMENT_TARGET = 12.0;
				LD_RUNPATH_SEARCH_PATHS = (
					"$(inherited)",
					"@executable_path/Frameworks",
				);
				PRODUCT_BUNDLE_IDENTIFIER = com.syin.iOSDemo;
				PRODUCT_NAME = "$(TARGET_NAME)";
				TARGETED_DEVICE_FAMILY = "1,2";
			};
			name = Debug;
		};
		B780D8CE24BFF9A00003FE5B /* Release */ = {
			isa = XCBuildConfiguration;
			baseConfigurationReference = 4B703D4DD220F378DDB90949 /* Pods-iOSDemo.release.xcconfig */;
			buildSettings = {
				ASSETCATALOG_COMPILER_APPICON_NAME = AppIcon;
				CODE_SIGN_STYLE = Automatic;
				DEVELOPMENT_TEAM = B24B3N7L69;
				INFOPLIST_FILE = iOSDemo/SupportingFiles/Info.plist;
				IPHONEOS_DEPLOYMENT_TARGET = 12.0;
				LD_RUNPATH_SEARCH_PATHS = (
					"$(inherited)",
					"@executable_path/Frameworks",
				);
				PRODUCT_BUNDLE_IDENTIFIER = com.syin.iOSDemo;
				PRODUCT_NAME = "$(TARGET_NAME)";
				TARGETED_DEVICE_FAMILY = "1,2";
			};
			name = Release;
		};
		B780D8D024BFF9A00003FE5B /* Debug */ = {
			isa = XCBuildConfiguration;
			baseConfigurationReference = E4646F3DADB28A66857423F1 /* Pods-iOSDemoTests.debug.xcconfig */;
			buildSettings = {
				BUNDLE_LOADER = "$(TEST_HOST)";
				CODE_SIGN_STYLE = Automatic;
				DEVELOPMENT_TEAM = B24B3N7L69;
				INFOPLIST_FILE = iOSDemoTests/Info.plist;
				IPHONEOS_DEPLOYMENT_TARGET = 13.5;
				LD_RUNPATH_SEARCH_PATHS = (
					"$(inherited)",
					"@executable_path/Frameworks",
					"@loader_path/Frameworks",
				);
				PRODUCT_BUNDLE_IDENTIFIER = com.syin.iOSDemoTests;
				PRODUCT_NAME = "$(TARGET_NAME)";
				TARGETED_DEVICE_FAMILY = "1,2";
				TEST_HOST = "$(BUILT_PRODUCTS_DIR)/iOSDemo.app/iOSDemo";
			};
			name = Debug;
		};
		B780D8D124BFF9A00003FE5B /* Release */ = {
			isa = XCBuildConfiguration;
			baseConfigurationReference = E96E5B9F0AB57E9A99E27553 /* Pods-iOSDemoTests.release.xcconfig */;
			buildSettings = {
				BUNDLE_LOADER = "$(TEST_HOST)";
				CODE_SIGN_STYLE = Automatic;
				DEVELOPMENT_TEAM = B24B3N7L69;
				INFOPLIST_FILE = iOSDemoTests/Info.plist;
				IPHONEOS_DEPLOYMENT_TARGET = 13.5;
				LD_RUNPATH_SEARCH_PATHS = (
					"$(inherited)",
					"@executable_path/Frameworks",
					"@loader_path/Frameworks",
				);
				PRODUCT_BUNDLE_IDENTIFIER = com.syin.iOSDemoTests;
				PRODUCT_NAME = "$(TARGET_NAME)";
				TARGETED_DEVICE_FAMILY = "1,2";
				TEST_HOST = "$(BUILT_PRODUCTS_DIR)/iOSDemo.app/iOSDemo";
			};
			name = Release;
		};
		B780D8D324BFF9A00003FE5B /* Debug */ = {
			isa = XCBuildConfiguration;
			baseConfigurationReference = CE5E885C85E3FFC964001429 /* Pods-iOSDemo-iOSDemoUITests.debug.xcconfig */;
			buildSettings = {
				CODE_SIGN_STYLE = Automatic;
				DEVELOPMENT_TEAM = B24B3N7L69;
				INFOPLIST_FILE = iOSDemoUITests/Info.plist;
				LD_RUNPATH_SEARCH_PATHS = (
					"$(inherited)",
					"@executable_path/Frameworks",
					"@loader_path/Frameworks",
				);
				PRODUCT_BUNDLE_IDENTIFIER = com.syin.iOSDemoUITests;
				PRODUCT_NAME = "$(TARGET_NAME)";
				TARGETED_DEVICE_FAMILY = "1,2";
				TEST_TARGET_NAME = iOSDemo;
			};
			name = Debug;
		};
		B780D8D424BFF9A00003FE5B /* Release */ = {
			isa = XCBuildConfiguration;
			baseConfigurationReference = 5D05C9B458CC5D61AE001F91 /* Pods-iOSDemo-iOSDemoUITests.release.xcconfig */;
			buildSettings = {
				CODE_SIGN_STYLE = Automatic;
				DEVELOPMENT_TEAM = B24B3N7L69;
				INFOPLIST_FILE = iOSDemoUITests/Info.plist;
				LD_RUNPATH_SEARCH_PATHS = (
					"$(inherited)",
					"@executable_path/Frameworks",
					"@loader_path/Frameworks",
				);
				PRODUCT_BUNDLE_IDENTIFIER = com.syin.iOSDemoUITests;
				PRODUCT_NAME = "$(TARGET_NAME)";
				TARGETED_DEVICE_FAMILY = "1,2";
				TEST_TARGET_NAME = iOSDemo;
			};
			name = Release;
		};
/* End XCBuildConfiguration section */

/* Begin XCConfigurationList section */
		B780D89824BFF99D0003FE5B /* Build configuration list for PBXProject "iOSDemo" */ = {
			isa = XCConfigurationList;
			buildConfigurations = (
				B780D8CA24BFF9A00003FE5B /* Debug */,
				B780D8CB24BFF9A00003FE5B /* Release */,
			);
			defaultConfigurationIsVisible = 0;
			defaultConfigurationName = Release;
		};
		B780D8CC24BFF9A00003FE5B /* Build configuration list for PBXNativeTarget "iOSDemo" */ = {
			isa = XCConfigurationList;
			buildConfigurations = (
				B780D8CD24BFF9A00003FE5B /* Debug */,
				B780D8CE24BFF9A00003FE5B /* Release */,
			);
			defaultConfigurationIsVisible = 0;
			defaultConfigurationName = Release;
		};
		B780D8CF24BFF9A00003FE5B /* Build configuration list for PBXNativeTarget "iOSDemoTests" */ = {
			isa = XCConfigurationList;
			buildConfigurations = (
				B780D8D024BFF9A00003FE5B /* Debug */,
				B780D8D124BFF9A00003FE5B /* Release */,
			);
			defaultConfigurationIsVisible = 0;
			defaultConfigurationName = Release;
		};
		B780D8D224BFF9A00003FE5B /* Build configuration list for PBXNativeTarget "iOSDemoUITests" */ = {
			isa = XCConfigurationList;
			buildConfigurations = (
				B780D8D324BFF9A00003FE5B /* Debug */,
				B780D8D424BFF9A00003FE5B /* Release */,
			);
			defaultConfigurationIsVisible = 0;
			defaultConfigurationName = Release;
		};
/* End XCConfigurationList section */
	};
	rootObject = B780D89524BFF99D0003FE5B /* Project object */;
}
